# This file is automatically @generated by Poetry 1.8.3 and should not be changed by hand.

[[package]]
name = "amqp"
version = "5.2.0"
description = "Low-level AMQP client for Python (fork of amqplib)."
optional = false
python-versions = ">=3.6"
files = [
    {file = "amqp-5.2.0-py3-none-any.whl", hash = "sha256:827cb12fb0baa892aad844fd95258143bce4027fdac4fccddbc43330fd281637"},
    {file = "amqp-5.2.0.tar.gz", hash = "sha256:a1ecff425ad063ad42a486c902807d1482311481c8ad95a72694b2975e75f7fd"},
]

[package.dependencies]
vine = ">=5.0.0,<6.0.0"

[[package]]
name = "asgiref"
version = "3.8.1"
description = "ASGI specs, helper code, and adapters"
optional = false
python-versions = ">=3.8"
files = [
    {file = "asgiref-3.8.1-py3-none-any.whl", hash = "sha256:3e1e3ecc849832fe52ccf2cb6686b7a55f82bb1d6aee72a58826471390335e47"},
    {file = "asgiref-3.8.1.tar.gz", hash = "sha256:c343bd80a0bec947a9860adb4c432ffa7db769836c64238fc34bdc3fec84d590"},
]

[package.extras]
tests = ["mypy (>=0.800)", "pytest", "pytest-asyncio"]

[[package]]
name = "billiard"
version = "4.2.1"
description = "Python multiprocessing fork with improvements and bugfixes"
optional = false
python-versions = ">=3.7"
files = [
    {file = "billiard-4.2.1-py3-none-any.whl", hash = "sha256:40b59a4ac8806ba2c2369ea98d876bc6108b051c227baffd928c644d15d8f3cb"},
    {file = "billiard-4.2.1.tar.gz", hash = "sha256:12b641b0c539073fc8d3f5b8b7be998956665c4233c7c1fcd66a7e677c4fb36f"},
]

[[package]]
name = "celery"
version = "5.4.0"
description = "Distributed Task Queue."
optional = false
python-versions = ">=3.8"
files = [
    {file = "celery-5.4.0-py3-none-any.whl", hash = "sha256:369631eb580cf8c51a82721ec538684994f8277637edde2dfc0dacd73ed97f64"},
    {file = "celery-5.4.0.tar.gz", hash = "sha256:504a19140e8d3029d5acad88330c541d4c3f64c789d85f94756762d8bca7e706"},
]

[package.dependencies]
billiard = ">=4.2.0,<5.0"
click = ">=8.1.2,<9.0"
click-didyoumean = ">=0.3.0"
click-plugins = ">=1.1.1"
click-repl = ">=0.2.0"
kombu = ">=5.3.4,<6.0"
python-dateutil = ">=2.8.2"
redis = {version = ">=4.5.2,<4.5.5 || >4.5.5,<6.0.0", optional = true, markers = "extra == \"redis\""}
tzdata = ">=2022.7"
vine = ">=5.1.0,<6.0"

[package.extras]
arangodb = ["pyArango (>=2.0.2)"]
auth = ["cryptography (==42.0.5)"]
azureblockblob = ["azure-storage-blob (>=12.15.0)"]
brotli = ["brotli (>=1.0.0)", "brotlipy (>=0.7.0)"]
cassandra = ["cassandra-driver (>=3.25.0,<4)"]
consul = ["python-consul2 (==0.1.5)"]
cosmosdbsql = ["pydocumentdb (==2.3.5)"]
couchbase = ["couchbase (>=3.0.0)"]
couchdb = ["pycouchdb (==1.14.2)"]
django = ["Django (>=2.2.28)"]
dynamodb = ["boto3 (>=1.26.143)"]
elasticsearch = ["elastic-transport (<=8.13.0)", "elasticsearch (<=8.13.0)"]
eventlet = ["eventlet (>=0.32.0)"]
gcs = ["google-cloud-storage (>=2.10.0)"]
gevent = ["gevent (>=1.5.0)"]
librabbitmq = ["librabbitmq (>=2.0.0)"]
memcache = ["pylibmc (==1.6.3)"]
mongodb = ["pymongo[srv] (>=4.0.2)"]
msgpack = ["msgpack (==1.0.8)"]
pymemcache = ["python-memcached (>=1.61)"]
pyro = ["pyro4 (==4.82)"]
pytest = ["pytest-celery[all] (>=1.0.0)"]
redis = ["redis (>=4.5.2,!=4.5.5,<6.0.0)"]
s3 = ["boto3 (>=1.26.143)"]
slmq = ["softlayer-messaging (>=1.0.3)"]
solar = ["ephem (==4.1.5)"]
sqlalchemy = ["sqlalchemy (>=1.4.48,<2.1)"]
sqs = ["boto3 (>=1.26.143)", "kombu[sqs] (>=5.3.4)", "pycurl (>=7.43.0.5)", "urllib3 (>=1.26.16)"]
tblib = ["tblib (>=1.3.0)", "tblib (>=1.5.0)"]
yaml = ["PyYAML (>=3.10)"]
zookeeper = ["kazoo (>=1.3.1)"]
zstd = ["zstandard (==0.22.0)"]

[[package]]
name = "click"
version = "8.1.7"
description = "Composable command line interface toolkit"
optional = false
python-versions = ">=3.7"
files = [
    {file = "click-8.1.7-py3-none-any.whl", hash = "sha256:ae74fb96c20a0277a1d615f1e4d73c8414f5a98db8b799a7931d1582f3390c28"},
    {file = "click-8.1.7.tar.gz", hash = "sha256:ca9853ad459e787e2192211578cc907e7594e294c7ccc834310722b41b9ca6de"},
]

[package.dependencies]
colorama = {version = "*", markers = "platform_system == \"Windows\""}

[[package]]
name = "click-didyoumean"
version = "0.3.1"
description = "Enables git-like *did-you-mean* feature in click"
optional = false
python-versions = ">=3.6.2"
files = [
    {file = "click_didyoumean-0.3.1-py3-none-any.whl", hash = "sha256:5c4bb6007cfea5f2fd6583a2fb6701a22a41eb98957e63d0fac41c10e7c3117c"},
    {file = "click_didyoumean-0.3.1.tar.gz", hash = "sha256:4f82fdff0dbe64ef8ab2279bd6aa3f6a99c3b28c05aa09cbfc07c9d7fbb5a463"},
]

[package.dependencies]
click = ">=7"

[[package]]
name = "click-plugins"
version = "1.1.1"
description = "An extension module for click to enable registering CLI commands via setuptools entry-points."
optional = false
python-versions = "*"
files = [
    {file = "click-plugins-1.1.1.tar.gz", hash = "sha256:46ab999744a9d831159c3411bb0c79346d94a444df9a3a3742e9ed63645f264b"},
    {file = "click_plugins-1.1.1-py2.py3-none-any.whl", hash = "sha256:5d262006d3222f5057fd81e1623d4443e41dcda5dc815c06b442aa3c02889fc8"},
]

[package.dependencies]
click = ">=4.0"

[package.extras]
dev = ["coveralls", "pytest (>=3.6)", "pytest-cov", "wheel"]

[[package]]
name = "click-repl"
version = "0.3.0"
description = "REPL plugin for Click"
optional = false
python-versions = ">=3.6"
files = [
    {file = "click-repl-0.3.0.tar.gz", hash = "sha256:17849c23dba3d667247dc4defe1757fff98694e90fe37474f3feebb69ced26a9"},
    {file = "click_repl-0.3.0-py3-none-any.whl", hash = "sha256:fb7e06deb8da8de86180a33a9da97ac316751c094c6899382da7feeeeb51b812"},
]

[package.dependencies]
click = ">=7.0"
prompt-toolkit = ">=3.0.36"

[package.extras]
testing = ["pytest (>=7.2.1)", "pytest-cov (>=4.0.0)", "tox (>=4.4.3)"]

[[package]]
name = "colorama"
version = "0.4.6"
description = "Cross-platform colored terminal text."
optional = false
python-versions = "!=3.0.*,!=3.1.*,!=3.2.*,!=3.3.*,!=3.4.*,!=3.5.*,!=3.6.*,>=2.7"
files = [
    {file = "colorama-0.4.6-py2.py3-none-any.whl", hash = "sha256:4f1d9991f5acc0ca119f9d443620b77f9d6b33703e51011c16baf57afb285fc6"},
    {file = "colorama-0.4.6.tar.gz", hash = "sha256:08695f5cb7ed6e0531a20572697297273c47b8cae5a63ffc6d6ed5c201be6e44"},
]

[[package]]
name = "crispy-bootstrap4"
version = "2024.1"
description = "Bootstrap4 template pack for django-crispy-forms"
optional = false
python-versions = ">=3.8"
files = [
    {file = "crispy-bootstrap4-2024.1.tar.gz", hash = "sha256:208673bf6a25892a656971af7a00e18ba2f7f06cd4a0d667923bd6134e64d276"},
    {file = "crispy_bootstrap4-2024.1-py3-none-any.whl", hash = "sha256:46cf98777a28621d240bf71eb36d4a26ff86e9e19be1cfd822645f4043d18c31"},
]

[package.dependencies]
django = ">=4.2"
django-crispy-forms = ">=2.0"

[[package]]
name = "django"
version = "5.1.1"
description = "A high-level Python web framework that encourages rapid development and clean, pragmatic design."
optional = false
python-versions = ">=3.10"
files = [
    {file = "Django-5.1.1-py3-none-any.whl", hash = "sha256:71603f27dac22a6533fb38d83072eea9ddb4017fead6f67f2562a40402d61c3f"},
    {file = "Django-5.1.1.tar.gz", hash = "sha256:021ffb7fdab3d2d388bc8c7c2434eb9c1f6f4d09e6119010bbb1694dda286bc2"},
]

[package.dependencies]
asgiref = ">=3.8.1,<4"
sqlparse = ">=0.3.1"
tzdata = {version = "*", markers = "sys_platform == \"win32\""}

[package.extras]
argon2 = ["argon2-cffi (>=19.1.0)"]
bcrypt = ["bcrypt"]

[[package]]
name = "django-crispy-forms"
version = "2.3"
description = "Best way to have Django DRY forms"
optional = false
python-versions = ">=3.8"
files = [
    {file = "django_crispy_forms-2.3-py3-none-any.whl", hash = "sha256:efc4c31e5202bbec6af70d383a35e12fc80ea769d464fb0e7fe21768bb138a20"},
    {file = "django_crispy_forms-2.3.tar.gz", hash = "sha256:2db17ae08527201be1273f0df789e5f92819e23dd28fec69cffba7f3762e1a38"},
]

[package.dependencies]
django = ">=4.2"

[[package]]
name = "django-tables2"
version = "2.7.0"
description = "Table/data-grid framework for Django"
optional = false
python-versions = "*"
files = [
    {file = "django-tables2-2.7.0.tar.gz", hash = "sha256:4113fcc575eb438a12e83a4d4ea01452e4800d970e8bdd0e4122ac171af1900d"},
    {file = "django_tables2-2.7.0-py2.py3-none-any.whl", hash = "sha256:99e06d966ca8ac69fd74092eb45c79a280dd5ca0ccb81395d96261f62128e1af"},
]

[package.dependencies]
Django = ">=3.2"

[package.extras]
tablib = ["tablib"]

[[package]]
name = "gunicorn"
version = "23.0.0"
description = "WSGI HTTP Server for UNIX"
optional = false
python-versions = ">=3.7"
files = [
    {file = "gunicorn-23.0.0-py3-none-any.whl", hash = "sha256:ec400d38950de4dfd418cff8328b2c8faed0edb0d517d3394e457c317908ca4d"},
    {file = "gunicorn-23.0.0.tar.gz", hash = "sha256:f014447a0101dc57e294f6c18ca6b40227a4c90e9bdb586042628030cba004ec"},
]

[package.dependencies]
packaging = "*"

[package.extras]
eventlet = ["eventlet (>=0.24.1,!=0.36.0)"]
gevent = ["gevent (>=1.4.0)"]
setproctitle = ["setproctitle"]
testing = ["coverage", "eventlet", "gevent", "pytest", "pytest-cov"]
tornado = ["tornado (>=0.2)"]

[[package]]
name = "kombu"
version = "5.4.2"
description = "Messaging library for Python."
optional = false
python-versions = ">=3.8"
files = [
    {file = "kombu-5.4.2-py3-none-any.whl", hash = "sha256:14212f5ccf022fc0a70453bb025a1dcc32782a588c49ea866884047d66e14763"},
    {file = "kombu-5.4.2.tar.gz", hash = "sha256:eef572dd2fd9fc614b37580e3caeafdd5af46c1eff31e7fba89138cdb406f2cf"},
]

[package.dependencies]
amqp = ">=5.1.1,<6.0.0"
tzdata = {version = "*", markers = "python_version >= \"3.9\""}
vine = "5.1.0"

[package.extras]
azureservicebus = ["azure-servicebus (>=7.10.0)"]
azurestoragequeues = ["azure-identity (>=1.12.0)", "azure-storage-queue (>=12.6.0)"]
confluentkafka = ["confluent-kafka (>=2.2.0)"]
consul = ["python-consul2 (==0.1.5)"]
librabbitmq = ["librabbitmq (>=2.0.0)"]
mongodb = ["pymongo (>=4.1.1)"]
msgpack = ["msgpack (==1.1.0)"]
pyro = ["pyro4 (==4.82)"]
qpid = ["qpid-python (>=0.26)", "qpid-tools (>=0.26)"]
redis = ["redis (>=4.5.2,!=4.5.5,!=5.0.2)"]
slmq = ["softlayer-messaging (>=1.0.3)"]
sqlalchemy = ["sqlalchemy (>=1.4.48,<2.1)"]
sqs = ["boto3 (>=1.26.143)", "pycurl (>=7.43.0.5)", "urllib3 (>=1.26.16)"]
yaml = ["PyYAML (>=3.10)"]
zookeeper = ["kazoo (>=2.8.0)"]

[[package]]
name = "packaging"
version = "24.1"
description = "Core utilities for Python packages"
optional = false
python-versions = ">=3.8"
files = [
    {file = "packaging-24.1-py3-none-any.whl", hash = "sha256:5b8f2217dbdbd2f7f384c41c628544e6d52f2d0f53c6d0c3ea61aa5d1d7ff124"},
    {file = "packaging-24.1.tar.gz", hash = "sha256:026ed72c8ed3fcce5bf8950572258698927fd1dbda10a5e981cdf0ac37f4f002"},
]

[[package]]
name = "prompt-toolkit"
version = "3.0.48"
description = "Library for building powerful interactive command lines in Python"
optional = false
python-versions = ">=3.7.0"
files = [
    {file = "prompt_toolkit-3.0.48-py3-none-any.whl", hash = "sha256:f49a827f90062e411f1ce1f854f2aedb3c23353244f8108b89283587397ac10e"},
    {file = "prompt_toolkit-3.0.48.tar.gz", hash = "sha256:d6623ab0477a80df74e646bdbc93621143f5caf104206aa29294d53de1a03d90"},
]

[package.dependencies]
wcwidth = "*"

[[package]]
name = "psycopg"
version = "3.2.1"
description = "PostgreSQL database adapter for Python"
optional = false
python-versions = ">=3.8"
files = [
    {file = "psycopg-3.2.1-py3-none-any.whl", hash = "sha256:ece385fb413a37db332f97c49208b36cf030ff02b199d7635ed2fbd378724175"},
    {file = "psycopg-3.2.1.tar.gz", hash = "sha256:dc8da6dc8729dacacda3cc2f17d2c9397a70a66cf0d2b69c91065d60d5f00cb7"},
]

[package.dependencies]
psycopg-binary = {version = "3.2.1", optional = true, markers = "implementation_name != \"pypy\" and extra == \"binary\""}
typing-extensions = ">=4.4"
tzdata = {version = "*", markers = "sys_platform == \"win32\""}

[package.extras]
binary = ["psycopg-binary (==3.2.1)"]
c = ["psycopg-c (==3.2.1)"]
dev = ["ast-comments (>=1.1.2)", "black (>=24.1.0)", "codespell (>=2.2)", "dnspython (>=2.1)", "flake8 (>=4.0)", "mypy (>=1.6)", "types-setuptools (>=57.4)", "wheel (>=0.37)"]
docs = ["Sphinx (>=5.0)", "furo (==2022.6.21)", "sphinx-autobuild (>=2021.3.14)", "sphinx-autodoc-typehints (>=1.12)"]
pool = ["psycopg-pool"]
test = ["anyio (>=4.0)", "mypy (>=1.6)", "pproxy (>=2.7)", "pytest (>=6.2.5)", "pytest-cov (>=3.0)", "pytest-randomly (>=3.5)"]

[[package]]
name = "psycopg-binary"
version = "3.2.1"
description = "PostgreSQL database adapter for Python -- C optimisation distribution"
optional = false
python-versions = ">=3.8"
files = [
    {file = "psycopg_binary-3.2.1-cp310-cp310-macosx_12_0_x86_64.whl", hash = "sha256:cad2de17804c4cfee8640ae2b279d616bb9e4734ac3c17c13db5e40982bd710d"},
    {file = "psycopg_binary-3.2.1-cp310-cp310-macosx_14_0_arm64.whl", hash = "sha256:592b27d6c46a40f9eeaaeea7c1fef6f3c60b02c634365eb649b2d880669f149f"},
    {file = "psycopg_binary-3.2.1-cp310-cp310-manylinux_2_17_aarch64.manylinux2014_aarch64.whl", hash = "sha256:9a997efbaadb5e1a294fb5760e2f5643d7b8e4e3fe6cb6f09e6d605fd28e0291"},
    {file = "psycopg_binary-3.2.1-cp310-cp310-manylinux_2_17_i686.manylinux2014_i686.whl", hash = "sha256:c1d2b6438fb83376f43ebb798bf0ad5e57bc56c03c9c29c85bc15405c8c0ac5a"},
    {file = "psycopg_binary-3.2.1-cp310-cp310-manylinux_2_17_ppc64le.manylinux2014_ppc64le.whl", hash = "sha256:b1f087bd84bdcac78bf9f024ebdbfacd07fc0a23ec8191448a50679e2ac4a19e"},
    {file = "psycopg_binary-3.2.1-cp310-cp310-manylinux_2_17_x86_64.manylinux2014_x86_64.whl", hash = "sha256:415c3b72ea32119163255c6504085f374e47ae7345f14bc3f0ef1f6e0976a879"},
    {file = "psycopg_binary-3.2.1-cp310-cp310-musllinux_1_2_aarch64.whl", hash = "sha256:f092114f10f81fb6bae544a0ec027eb720e2d9c74a4fcdaa9dd3899873136935"},
    {file = "psycopg_binary-3.2.1-cp310-cp310-musllinux_1_2_i686.whl", hash = "sha256:06a7aae34edfe179ddc04da005e083ff6c6b0020000399a2cbf0a7121a8a22ea"},
    {file = "psycopg_binary-3.2.1-cp310-cp310-musllinux_1_2_ppc64le.whl", hash = "sha256:0b018631e5c80ce9bc210b71ea885932f9cca6db131e4df505653d7e3873a938"},
    {file = "psycopg_binary-3.2.1-cp310-cp310-musllinux_1_2_x86_64.whl", hash = "sha256:f8a509aeaac364fa965454e80cd110fe6d48ba2c80f56c9b8563423f0b5c3cfd"},
    {file = "psycopg_binary-3.2.1-cp310-cp310-win_amd64.whl", hash = "sha256:413977d18412ff83486eeb5875eb00b185a9391c57febac45b8993bf9c0ff489"},
    {file = "psycopg_binary-3.2.1-cp311-cp311-macosx_12_0_x86_64.whl", hash = "sha256:62b1b7b07e00ee490afb39c0a47d8282a9c2822c7cfed9553a04b0058adf7e7f"},
    {file = "psycopg_binary-3.2.1-cp311-cp311-macosx_14_0_arm64.whl", hash = "sha256:f8afb07114ea9b924a4a0305ceb15354ccf0ef3c0e14d54b8dbeb03e50182dd7"},
    {file = "psycopg_binary-3.2.1-cp311-cp311-manylinux_2_17_aarch64.manylinux2014_aarch64.whl", hash = "sha256:40bb515d042f6a345714ec0403df68ccf13f73b05e567837d80c886c7c9d3805"},
    {file = "psycopg_binary-3.2.1-cp311-cp311-manylinux_2_17_i686.manylinux2014_i686.whl", hash = "sha256:6418712ba63cebb0c88c050b3997185b0ef54173b36568522d5634ac06153040"},
    {file = "psycopg_binary-3.2.1-cp311-cp311-manylinux_2_17_ppc64le.manylinux2014_ppc64le.whl", hash = "sha256:101472468d59c74bb8565fab603e032803fd533d16be4b2d13da1bab8deb32a3"},
    {file = "psycopg_binary-3.2.1-cp311-cp311-manylinux_2_17_x86_64.manylinux2014_x86_64.whl", hash = "sha256:aa3931f308ab4a479d0ee22dc04bea867a6365cac0172e5ddcba359da043854b"},
    {file = "psycopg_binary-3.2.1-cp311-cp311-musllinux_1_2_aarch64.whl", hash = "sha256:dc314a47d44fe1a8069b075a64abffad347a3a1d8652fed1bab5d3baea37acb2"},
    {file = "psycopg_binary-3.2.1-cp311-cp311-musllinux_1_2_i686.whl", hash = "sha256:cc304a46be1e291031148d9d95c12451ffe783ff0cc72f18e2cc7ec43cdb8c68"},
    {file = "psycopg_binary-3.2.1-cp311-cp311-musllinux_1_2_ppc64le.whl", hash = "sha256:6f9e13600647087df5928875559f0eb8f496f53e6278b7da9511b4b3d0aff960"},
    {file = "psycopg_binary-3.2.1-cp311-cp311-musllinux_1_2_x86_64.whl", hash = "sha256:b140182830c76c74d17eba27df3755a46442ce8d4fb299e7f1cf2f74a87c877b"},
    {file = "psycopg_binary-3.2.1-cp311-cp311-win_amd64.whl", hash = "sha256:3c838806eeb99af39f934b7999e35f947a8e577997cc892c12b5053a97a9057f"},
    {file = "psycopg_binary-3.2.1-cp312-cp312-macosx_12_0_x86_64.whl", hash = "sha256:7066d3dca196ed0dc6172f9777b2d62e4f138705886be656cccff2d555234d60"},
    {file = "psycopg_binary-3.2.1-cp312-cp312-macosx_14_0_arm64.whl", hash = "sha256:28ada5f610468c57d8a4a055a8ea915d0085a43d794266c4f3b9d02f4288f4db"},
    {file = "psycopg_binary-3.2.1-cp312-cp312-manylinux_2_17_aarch64.manylinux2014_aarch64.whl", hash = "sha256:2e8213bf50af073b1aa8dc3cff123bfeedac86332a16c1b7274910bc88a847c7"},
    {file = "psycopg_binary-3.2.1-cp312-cp312-manylinux_2_17_i686.manylinux2014_i686.whl", hash = "sha256:74d623261655a169bc84a9669890975c229f2fa6e19a7f2d10a77675dcf1a707"},
    {file = "psycopg_binary-3.2.1-cp312-cp312-manylinux_2_17_ppc64le.manylinux2014_ppc64le.whl", hash = "sha256:42781ba94e8842ee98bca5a7d0c44cc9d067500fedca2d6a90fa3609b6d16b42"},
    {file = "psycopg_binary-3.2.1-cp312-cp312-manylinux_2_17_x86_64.manylinux2014_x86_64.whl", hash = "sha256:33e6669091d09f8ba36e10ce678a6d9916e110446236a9b92346464a3565635e"},
    {file = "psycopg_binary-3.2.1-cp312-cp312-musllinux_1_2_aarch64.whl", hash = "sha256:b09e8a576a2ac69d695032ee76f31e03b30781828b5dd6d18c6a009e5a3d1c35"},
    {file = "psycopg_binary-3.2.1-cp312-cp312-musllinux_1_2_i686.whl", hash = "sha256:8f28ff0cb9f1defdc4a6f8c958bf6787274247e7dfeca811f6e2f56602695fb1"},
    {file = "psycopg_binary-3.2.1-cp312-cp312-musllinux_1_2_ppc64le.whl", hash = "sha256:4c84fcac8a3a3479ac14673095cc4e1fdba2935499f72c436785ac679bec0d1a"},
    {file = "psycopg_binary-3.2.1-cp312-cp312-musllinux_1_2_x86_64.whl", hash = "sha256:950fd666ec9e9fe6a8eeb2b5a8f17301790e518953730ad44d715b59ffdbc67f"},
    {file = "psycopg_binary-3.2.1-cp312-cp312-win_amd64.whl", hash = "sha256:334046a937bb086c36e2c6889fe327f9f29bfc085d678f70fac0b0618949f674"},
    {file = "psycopg_binary-3.2.1-cp38-cp38-macosx_12_0_x86_64.whl", hash = "sha256:1d6833f607f3fc7b22226a9e121235d3b84c0eda1d3caab174673ef698f63788"},
    {file = "psycopg_binary-3.2.1-cp38-cp38-manylinux_2_17_aarch64.manylinux2014_aarch64.whl", hash = "sha256:1d353e028b8f848b9784450fc2abf149d53a738d451eab3ee4c85703438128b9"},
    {file = "psycopg_binary-3.2.1-cp38-cp38-manylinux_2_17_i686.manylinux2014_i686.whl", hash = "sha256:f34e369891f77d0738e5d25727c307d06d5344948771e5379ea29c76c6d84555"},
    {file = "psycopg_binary-3.2.1-cp38-cp38-manylinux_2_17_ppc64le.manylinux2014_ppc64le.whl", hash = "sha256:0ab58213cc976a1666f66bc1cb2e602315cd753b7981a8e17237ac2a185bd4a1"},
    {file = "psycopg_binary-3.2.1-cp38-cp38-manylinux_2_17_x86_64.manylinux2014_x86_64.whl", hash = "sha256:b0104a72a17aa84b3b7dcab6c84826c595355bf54bb6ea6d284dcb06d99c6801"},
    {file = "psycopg_binary-3.2.1-cp38-cp38-musllinux_1_2_aarch64.whl", hash = "sha256:059cbd4e6da2337e17707178fe49464ed01de867dc86c677b30751755ec1dc51"},
    {file = "psycopg_binary-3.2.1-cp38-cp38-musllinux_1_2_i686.whl", hash = "sha256:73f9c9b984be9c322b5ec1515b12df1ee5896029f5e72d46160eb6517438659c"},
    {file = "psycopg_binary-3.2.1-cp38-cp38-musllinux_1_2_ppc64le.whl", hash = "sha256:af0469c00f24c4bec18c3d2ede124bf62688d88d1b8a5f3c3edc2f61046fe0d7"},
    {file = "psycopg_binary-3.2.1-cp38-cp38-musllinux_1_2_x86_64.whl", hash = "sha256:463d55345f73ff391df8177a185ad57b552915ad33f5cc2b31b930500c068b22"},
    {file = "psycopg_binary-3.2.1-cp38-cp38-win_amd64.whl", hash = "sha256:302b86f92c0d76e99fe1b5c22c492ae519ce8b98b88d37ef74fda4c9e24c6b46"},
    {file = "psycopg_binary-3.2.1-cp39-cp39-macosx_12_0_x86_64.whl", hash = "sha256:0879b5d76b7d48678d31278242aaf951bc2d69ca4e4d7cef117e4bbf7bfefda9"},
    {file = "psycopg_binary-3.2.1-cp39-cp39-manylinux_2_17_aarch64.manylinux2014_aarch64.whl", hash = "sha256:f99e59f8a5f4dcd9cbdec445f3d8ac950a492fc0e211032384d6992ed3c17eb7"},
    {file = "psycopg_binary-3.2.1-cp39-cp39-manylinux_2_17_i686.manylinux2014_i686.whl", hash = "sha256:84837e99353d16c6980603b362d0f03302d4b06c71672a6651f38df8a482923d"},
    {file = "psycopg_binary-3.2.1-cp39-cp39-manylinux_2_17_ppc64le.manylinux2014_ppc64le.whl", hash = "sha256:7ce965caf618061817f66c0906f0452aef966c293ae0933d4fa5a16ea6eaf5bb"},
    {file = "psycopg_binary-3.2.1-cp39-cp39-manylinux_2_17_x86_64.manylinux2014_x86_64.whl", hash = "sha256:78c2007caf3c90f08685c5378e3ceb142bafd5636be7495f7d86ec8a977eaeef"},
    {file = "psycopg_binary-3.2.1-cp39-cp39-musllinux_1_2_aarch64.whl", hash = "sha256:7a84b5eb194a258116154b2a4ff2962ea60ea52de089508db23a51d3d6b1c7d1"},
    {file = "psycopg_binary-3.2.1-cp39-cp39-musllinux_1_2_i686.whl", hash = "sha256:4a42b8f9ab39affcd5249b45cac763ac3cf12df962b67e23fd15a2ee2932afe5"},
    {file = "psycopg_binary-3.2.1-cp39-cp39-musllinux_1_2_ppc64le.whl", hash = "sha256:788ffc43d7517c13e624c83e0e553b7b8823c9655e18296566d36a829bfb373f"},
    {file = "psycopg_binary-3.2.1-cp39-cp39-musllinux_1_2_x86_64.whl", hash = "sha256:21927f41c4d722ae8eb30d62a6ce732c398eac230509af5ba1749a337f8a63e2"},
    {file = "psycopg_binary-3.2.1-cp39-cp39-win_amd64.whl", hash = "sha256:921f0c7f39590763d64a619de84d1b142587acc70fd11cbb5ba8fa39786f3073"},
]

[[package]]
name = "python-dateutil"
version = "2.9.0.post0"
description = "Extensions to the standard Python datetime module"
optional = false
python-versions = "!=3.0.*,!=3.1.*,!=3.2.*,>=2.7"
files = [
    {file = "python-dateutil-2.9.0.post0.tar.gz", hash = "sha256:37dd54208da7e1cd875388217d5e00ebd4179249f90fb72437e91a35459a0ad3"},
    {file = "python_dateutil-2.9.0.post0-py2.py3-none-any.whl", hash = "sha256:a8b2bc7bffae282281c8140a97d3aa9c14da0b136dfe83f850eea9a5f7470427"},
]

[package.dependencies]
six = ">=1.5"

[[package]]
name = "redis"
version = "5.1.0"
description = "Python client for Redis database and key-value store"
optional = false
python-versions = ">=3.8"
files = [
    {file = "redis-5.1.0-py3-none-any.whl", hash = "sha256:fd4fccba0d7f6aa48c58a78d76ddb4afc698f5da4a2c1d03d916e4fd7ab88cdd"},
    {file = "redis-5.1.0.tar.gz", hash = "sha256:b756df1e4a3858fcc0ef861f3fc53623a96c41e2b1f5304e09e0fe758d333d40"},
]

[package.extras]
hiredis = ["hiredis (>=3.0.0)"]
ocsp = ["cryptography (>=36.0.1)", "pyopenssl (==23.2.1)", "requests (>=2.31.0)"]

[[package]]
name = "six"
version = "1.16.0"
description = "Python 2 and 3 compatibility utilities"
optional = false
python-versions = ">=2.7, !=3.0.*, !=3.1.*, !=3.2.*"
files = [
    {file = "six-1.16.0-py2.py3-none-any.whl", hash = "sha256:8abb2f1d86890a2dfb989f9a77cfcfd3e47c2a354b01111771326f8aa26e0254"},
    {file = "six-1.16.0.tar.gz", hash = "sha256:1e61c37477a1626458e36f7b1d82aa5c9b094fa4802892072e49de9c60c4c926"},
]

[[package]]
name = "sqlparse"
version = "0.5.1"
description = "A non-validating SQL parser."
optional = false
python-versions = ">=3.8"
files = [
    {file = "sqlparse-0.5.1-py3-none-any.whl", hash = "sha256:773dcbf9a5ab44a090f3441e2180efe2560220203dc2f8c0b0fa141e18b505e4"},
    {file = "sqlparse-0.5.1.tar.gz", hash = "sha256:bb6b4df465655ef332548e24f08e205afc81b9ab86cb1c45657a7ff173a3a00e"},
]

[package.extras]
dev = ["build", "hatch"]
doc = ["sphinx"]

[[package]]
name = "typing-extensions"
version = "4.12.2"
description = "Backported and Experimental Type Hints for Python 3.8+"
optional = false
python-versions = ">=3.8"
files = [
    {file = "typing_extensions-4.12.2-py3-none-any.whl", hash = "sha256:04e5ca0351e0f3f85c6853954072df659d0d13fac324d0072316b67d7794700d"},
    {file = "typing_extensions-4.12.2.tar.gz", hash = "sha256:1a7ead55c7e559dd4dee8856e3a88b41225abfe1ce8df57b7c13915fe121ffb8"},
]

[[package]]
name = "tzdata"
version = "2024.1"
description = "Provider of IANA time zone data"
optional = false
python-versions = ">=2"
files = [
    {file = "tzdata-2024.1-py2.py3-none-any.whl", hash = "sha256:9068bc196136463f5245e51efda838afa15aaeca9903f49050dfa2679db4d252"},
    {file = "tzdata-2024.1.tar.gz", hash = "sha256:2674120f8d891909751c38abcdfd386ac0a5a1127954fbc332af6b5ceae07efd"},
]

[[package]]
name = "vine"
version = "5.1.0"
description = "Python promises."
optional = false
python-versions = ">=3.6"
files = [
    {file = "vine-5.1.0-py3-none-any.whl", hash = "sha256:40fdf3c48b2cfe1c38a49e9ae2da6fda88e4794c810050a728bd7413811fb1dc"},
    {file = "vine-5.1.0.tar.gz", hash = "sha256:8b62e981d35c41049211cf62a0a1242d8c1ee9bd15bb196ce38aefd6799e61e0"},
]

[[package]]
name = "wcwidth"
version = "0.2.13"
description = "Measures the displayed width of unicode strings in a terminal"
optional = false
python-versions = "*"
files = [
    {file = "wcwidth-0.2.13-py2.py3-none-any.whl", hash = "sha256:3da69048e4540d84af32131829ff948f1e022c1c6bdb8d6102117aac784f6859"},
    {file = "wcwidth-0.2.13.tar.gz", hash = "sha256:72ea0c06399eb286d978fdedb6923a9eb47e1c486ce63e9b4e64fc18303972b5"},
]

[metadata]
lock-version = "2.0"
python-versions = "^3.12"
content-hash = "f14425d7ca5bb9b19522412562424c040c76485d3316d350460f62cc0e180cef"
